
Microsoft Visual Studio Solution File, Format Version 12.00
# Visual Studio Version 16
VisualStudioVersion = 16.0.28621.142
MinimumVisualStudioVersion = 10.0.40219.1
Project("{FAE04EC0-301F-11D3-BF4B-00C04F79EFBC}") = "MartenDemo", "MartenDemo\MartenDemo.csproj", "{05947EE8-971A-42C4-9C5C-EEC68245126E}"
EndProject
Global
	GlobalSection(SolutionConfigurationPlatforms) = preSolution
		Debug|Any CPU = Debug|Any CPU
		Release|Any CPU = Release|Any CPU
	EndGlobalSection
	GlobalSection(ProjectConfigurationPlatforms) = postSolution
		{05947EE8-971A-42C4-9C5C-EEC68245126E}.Debug|Any CPU.ActiveCfg = Debug|Any CPU
		{05947EE8-971A-42C4-9C5C-EEC68245126E}.Debug|Any CPU.Build.0 = Debug|Any CPU
		{05947EE8-971A-42C4-9C5C-EEC68245126E}.Release|Any CPU.ActiveCfg = Release|Any CPU
		{05947EE8-971A-42C4-9C5C-EEC68245126E}.Release|Any CPU.Build.0 = Release|Any CPU
	EndGlobalSection
	GlobalSection(SolutionProperties) = preSolution
		HideSolutionNode = FALSE
	EndGlobalSection
	GlobalSection(ExtensibilityGlobals) = postSolution
		SolutionGuid = {334410E9-1F8C-4E92-B43D-0C97CE7B939C}
	EndGlobalSection
EndGlobal
